
Microsoft Visual Studio Solution File, Format Version 12.00
# Visual Studio Version 16
VisualStudioVersion = 16.0.29001.49
MinimumVisualStudioVersion = 10.0.40219.1
Project("{FAE04EC0-301F-11D3-BF4B-00C04F79EFBC}") = "TestControl", "TestControl\TestControl.csproj", "{AC23B166-6663-47D3-AE4B-E3029458BECC}"
EndProject
Project("{FAE04EC0-301F-11D3-BF4B-00C04F79EFBC}") = "TestElement", "TestElement\TestElement.csproj", "{BEBB974F-ECC3-4484-AE22-0D2CAD860484}"
EndProject
Project("{FAE04EC0-301F-11D3-BF4B-00C04F79EFBC}") = "TestServer", "TestServer\TestServer.csproj", "{B0CC4E1D-B59C-43FE-8C99-4F8B623965EE}"
EndProject
Project("{FAE04EC0-301F-11D3-BF4B-00C04F79EFBC}") = "DAL", "DAL\DAL.csproj", "{384C9981-D91B-4007-9B89-D8DEFA0F3452}"
EndProject
Project("{FAE04EC0-301F-11D3-BF4B-00C04F79EFBC}") = "Repository", "Repository\Repository.csproj", "{3D6EF045-D6AB-4345-8662-8B8CB9214047}"
EndProject
Project("{FAE04EC0-301F-11D3-BF4B-00C04F79EFBC}") = "TestClient", "TestClient\TestClient.csproj", "{43B36A9A-4222-47AA-AD3E-DFC0E1818AEE}"
EndProject
Project("{FAE04EC0-301F-11D3-BF4B-00C04F79EFBC}") = "InfoLib", "InfoLib\InfoLib.csproj", "{5F71FA49-0430-4D4A-8704-91908C888A98}"
EndProject
Project("{FAE04EC0-301F-11D3-BF4B-00C04F79EFBC}") = "InfoLibClientSend", "InfoLibClientSend\InfoLibClientSend.csproj", "{5B841011-0C95-4B40-AFB8-38D99C9D9282}"
EndProject
Global
	GlobalSection(SolutionConfigurationPlatforms) = preSolution
		Debug|Any CPU = Debug|Any CPU
		Release|Any CPU = Release|Any CPU
	EndGlobalSection
	GlobalSection(ProjectConfigurationPlatforms) = postSolution
		{AC23B166-6663-47D3-AE4B-E3029458BECC}.Debug|Any CPU.ActiveCfg = Debug|Any CPU
		{AC23B166-6663-47D3-AE4B-E3029458BECC}.Debug|Any CPU.Build.0 = Debug|Any CPU
		{AC23B166-6663-47D3-AE4B-E3029458BECC}.Release|Any CPU.ActiveCfg = Release|Any CPU
		{AC23B166-6663-47D3-AE4B-E3029458BECC}.Release|Any CPU.Build.0 = Release|Any CPU
		{BEBB974F-ECC3-4484-AE22-0D2CAD860484}.Debug|Any CPU.ActiveCfg = Debug|Any CPU
		{BEBB974F-ECC3-4484-AE22-0D2CAD860484}.Debug|Any CPU.Build.0 = Debug|Any CPU
		{BEBB974F-ECC3-4484-AE22-0D2CAD860484}.Release|Any CPU.ActiveCfg = Release|Any CPU
		{BEBB974F-ECC3-4484-AE22-0D2CAD860484}.Release|Any CPU.Build.0 = Release|Any CPU
		{B0CC4E1D-B59C-43FE-8C99-4F8B623965EE}.Debug|Any CPU.ActiveCfg = Debug|Any CPU
		{B0CC4E1D-B59C-43FE-8C99-4F8B623965EE}.Debug|Any CPU.Build.0 = Debug|Any CPU
		{B0CC4E1D-B59C-43FE-8C99-4F8B623965EE}.Release|Any CPU.ActiveCfg = Release|Any CPU
		{B0CC4E1D-B59C-43FE-8C99-4F8B623965EE}.Release|Any CPU.Build.0 = Release|Any CPU
		{384C9981-D91B-4007-9B89-D8DEFA0F3452}.Debug|Any CPU.ActiveCfg = Debug|Any CPU
		{384C9981-D91B-4007-9B89-D8DEFA0F3452}.Debug|Any CPU.Build.0 = Debug|Any CPU
		{384C9981-D91B-4007-9B89-D8DEFA0F3452}.Release|Any CPU.ActiveCfg = Release|Any CPU
		{384C9981-D91B-4007-9B89-D8DEFA0F3452}.Release|Any CPU.Build.0 = Release|Any CPU
		{3D6EF045-D6AB-4345-8662-8B8CB9214047}.Debug|Any CPU.ActiveCfg = Debug|Any CPU
		{3D6EF045-D6AB-4345-8662-8B8CB9214047}.Debug|Any CPU.Build.0 = Debug|Any CPU
		{3D6EF045-D6AB-4345-8662-8B8CB9214047}.Release|Any CPU.ActiveCfg = Release|Any CPU
		{3D6EF045-D6AB-4345-8662-8B8CB9214047}.Release|Any CPU.Build.0 = Release|Any CPU
		{43B36A9A-4222-47AA-AD3E-DFC0E1818AEE}.Debug|Any CPU.ActiveCfg = Debug|Any CPU
		{43B36A9A-4222-47AA-AD3E-DFC0E1818AEE}.Debug|Any CPU.Build.0 = Debug|Any CPU
		{43B36A9A-4222-47AA-AD3E-DFC0E1818AEE}.Release|Any CPU.ActiveCfg = Release|Any CPU
		{43B36A9A-4222-47AA-AD3E-DFC0E1818AEE}.Release|Any CPU.Build.0 = Release|Any CPU
		{5F71FA49-0430-4D4A-8704-91908C888A98}.Debug|Any CPU.ActiveCfg = Debug|Any CPU
		{5F71FA49-0430-4D4A-8704-91908C888A98}.Debug|Any CPU.Build.0 = Debug|Any CPU
		{5F71FA49-0430-4D4A-8704-91908C888A98}.Release|Any CPU.ActiveCfg = Release|Any CPU
		{5F71FA49-0430-4D4A-8704-91908C888A98}.Release|Any CPU.Build.0 = Release|Any CPU
		{5B841011-0C95-4B40-AFB8-38D99C9D9282}.Debug|Any CPU.ActiveCfg = Debug|Any CPU
		{5B841011-0C95-4B40-AFB8-38D99C9D9282}.Debug|Any CPU.Build.0 = Debug|Any CPU
		{5B841011-0C95-4B40-AFB8-38D99C9D9282}.Release|Any CPU.ActiveCfg = Release|Any CPU
		{5B841011-0C95-4B40-AFB8-38D99C9D9282}.Release|Any CPU.Build.0 = Release|Any CPU
	EndGlobalSection
	GlobalSection(SolutionProperties) = preSolution
		HideSolutionNode = FALSE
	EndGlobalSection
	GlobalSection(ExtensibilityGlobals) = postSolution
		SolutionGuid = {8D44296A-9170-46BD-B64D-3BD256886985}
	EndGlobalSection
EndGlobal
